
Microsoft Visual Studio Solution File, Format Version 12.00
# Visual Studio Version 16
VisualStudioVersion = 16.0.30804.86
MinimumVisualStudioVersion = 10.0.40219.1
Project("{FAE04EC0-301F-11D3-BF4B-00C04F79EFBC}") = "Libreria", "Modificadores de acceso Private\Libreria.csproj", "{DD1E0230-5642-4CE3-9277-B43D98A45F3E}"
EndProject
Project("{FAE04EC0-301F-11D3-BF4B-00C04F79EFBC}") = "Cliente", "Cliente\Cliente.csproj", "{7EDC1547-DEA5-42B1-8EF8-AA9C4CCBBD2D}"
EndProject
Global
	GlobalSection(SolutionConfigurationPlatforms) = preSolution
		Debug|Any CPU = Debug|Any CPU
		Release|Any CPU = Release|Any CPU
	EndGlobalSection
	GlobalSection(ProjectConfigurationPlatforms) = postSolution
		{DD1E0230-5642-4CE3-9277-B43D98A45F3E}.Debug|Any CPU.ActiveCfg = Debug|Any CPU
		{DD1E0230-5642-4CE3-9277-B43D98A45F3E}.Debug|Any CPU.Build.0 = Debug|Any CPU
		{DD1E0230-5642-4CE3-9277-B43D98A45F3E}.Release|Any CPU.ActiveCfg = Release|Any CPU
		{DD1E0230-5642-4CE3-9277-B43D98A45F3E}.Release|Any CPU.Build.0 = Release|Any CPU
		{7EDC1547-DEA5-42B1-8EF8-AA9C4CCBBD2D}.Debug|Any CPU.ActiveCfg = Debug|Any CPU
		{7EDC1547-DEA5-42B1-8EF8-AA9C4CCBBD2D}.Debug|Any CPU.Build.0 = Debug|Any CPU
		{7EDC1547-DEA5-42B1-8EF8-AA9C4CCBBD2D}.Release|Any CPU.ActiveCfg = Release|Any CPU
		{7EDC1547-DEA5-42B1-8EF8-AA9C4CCBBD2D}.Release|Any CPU.Build.0 = Release|Any CPU
	EndGlobalSection
	GlobalSection(SolutionProperties) = preSolution
		HideSolutionNode = FALSE
	EndGlobalSection
	GlobalSection(ExtensibilityGlobals) = postSolution
		SolutionGuid = {E8285394-4BEA-4950-8F35-1725CFC6EA26}
	EndGlobalSection
EndGlobal
