
Microsoft Visual Studio Solution File, Format Version 12.00
# Visual Studio Version 16
VisualStudioVersion = 16.0.30804.86
MinimumVisualStudioVersion = 10.0.40219.1
Project("{FAE04EC0-301F-11D3-BF4B-00C04F79EFBC}") = "Libreria", "Modificadores de acceso Public\Libreria.csproj", "{5DD2CEDF-C27E-4759-A5EE-589ECA0F414B}"
EndProject
Project("{FAE04EC0-301F-11D3-BF4B-00C04F79EFBC}") = "Cliente", "Cliente\Cliente.csproj", "{3F04BFE0-06F7-4A04-A9D4-F532DDFD6304}"
EndProject
Global
	GlobalSection(SolutionConfigurationPlatforms) = preSolution
		Debug|Any CPU = Debug|Any CPU
		Release|Any CPU = Release|Any CPU
	EndGlobalSection
	GlobalSection(ProjectConfigurationPlatforms) = postSolution
		{5DD2CEDF-C27E-4759-A5EE-589ECA0F414B}.Debug|Any CPU.ActiveCfg = Debug|Any CPU
		{5DD2CEDF-C27E-4759-A5EE-589ECA0F414B}.Debug|Any CPU.Build.0 = Debug|Any CPU
		{5DD2CEDF-C27E-4759-A5EE-589ECA0F414B}.Release|Any CPU.ActiveCfg = Release|Any CPU
		{5DD2CEDF-C27E-4759-A5EE-589ECA0F414B}.Release|Any CPU.Build.0 = Release|Any CPU
		{3F04BFE0-06F7-4A04-A9D4-F532DDFD6304}.Debug|Any CPU.ActiveCfg = Debug|Any CPU
		{3F04BFE0-06F7-4A04-A9D4-F532DDFD6304}.Debug|Any CPU.Build.0 = Debug|Any CPU
		{3F04BFE0-06F7-4A04-A9D4-F532DDFD6304}.Release|Any CPU.ActiveCfg = Release|Any CPU
		{3F04BFE0-06F7-4A04-A9D4-F532DDFD6304}.Release|Any CPU.Build.0 = Release|Any CPU
	EndGlobalSection
	GlobalSection(SolutionProperties) = preSolution
		HideSolutionNode = FALSE
	EndGlobalSection
	GlobalSection(ExtensibilityGlobals) = postSolution
		SolutionGuid = {7309F2FC-CD03-46B4-957E-7E0CE6841F29}
	EndGlobalSection
EndGlobal
