
Microsoft Visual Studio Solution File, Format Version 12.00
# Visual Studio Version 16
VisualStudioVersion = 16.0.30804.86
MinimumVisualStudioVersion = 10.0.40219.1
Project("{FAE04EC0-301F-11D3-BF4B-00C04F79EFBC}") = "Metodos de extension", "Metodos de extension\Metodos de extension.csproj", "{AA5EF13F-4766-4D80-A67E-19044235158C}"
EndProject
Global
	GlobalSection(SolutionConfigurationPlatforms) = preSolution
		Debug|Any CPU = Debug|Any CPU
		Release|Any CPU = Release|Any CPU
	EndGlobalSection
	GlobalSection(ProjectConfigurationPlatforms) = postSolution
		{AA5EF13F-4766-4D80-A67E-19044235158C}.Debug|Any CPU.ActiveCfg = Debug|Any CPU
		{AA5EF13F-4766-4D80-A67E-19044235158C}.Debug|Any CPU.Build.0 = Debug|Any CPU
		{AA5EF13F-4766-4D80-A67E-19044235158C}.Release|Any CPU.ActiveCfg = Release|Any CPU
		{AA5EF13F-4766-4D80-A67E-19044235158C}.Release|Any CPU.Build.0 = Release|Any CPU
	EndGlobalSection
	GlobalSection(SolutionProperties) = preSolution
		HideSolutionNode = FALSE
	EndGlobalSection
	GlobalSection(ExtensibilityGlobals) = postSolution
		SolutionGuid = {D3C9F44D-8232-4C80-B5A3-6623097A226B}
	EndGlobalSection
EndGlobal
