
Microsoft Visual Studio Solution File, Format Version 12.00
# Visual Studio Version 16
VisualStudioVersion = 16.0.30804.86
MinimumVisualStudioVersion = 10.0.40219.1
Project("{9A19103F-16F7-4668-BE54-9A1E7A4F7556}") = "Herencia_Interfaces", "Herencia_Interfaces\Herencia_Interfaces.csproj", "{205BC234-8AF3-46F3-94D8-8379995C990F}"
EndProject
Project("{9A19103F-16F7-4668-BE54-9A1E7A4F7556}") = "Herencia-Constructores", "Herencia-Constructores\Herencia-Constructores.csproj", "{528DED31-E58F-4BBE-9C9E-07140F9C5C21}"
EndProject
Project("{9A19103F-16F7-4668-BE54-9A1E7A4F7556}") = "Herencia_Sustitucion", "Herencia_Sustitucion\Herencia_Sustitucion.csproj", "{AD2F3AD8-AB71-48FC-BF29-AB2F252630DB}"
EndProject
Project("{FAE04EC0-301F-11D3-BF4B-00C04F79EFBC}") = "Polimorfismo", "Polimorfismo\Polimorfismo.csproj", "{B7A9E439-261D-45FA-8AC9-5C95F6617AF0}"
EndProject
Global
	GlobalSection(SolutionConfigurationPlatforms) = preSolution
		Debug|Any CPU = Debug|Any CPU
		Release|Any CPU = Release|Any CPU
	EndGlobalSection
	GlobalSection(ProjectConfigurationPlatforms) = postSolution
		{205BC234-8AF3-46F3-94D8-8379995C990F}.Debug|Any CPU.ActiveCfg = Debug|Any CPU
		{205BC234-8AF3-46F3-94D8-8379995C990F}.Debug|Any CPU.Build.0 = Debug|Any CPU
		{205BC234-8AF3-46F3-94D8-8379995C990F}.Release|Any CPU.ActiveCfg = Release|Any CPU
		{205BC234-8AF3-46F3-94D8-8379995C990F}.Release|Any CPU.Build.0 = Release|Any CPU
		{528DED31-E58F-4BBE-9C9E-07140F9C5C21}.Debug|Any CPU.ActiveCfg = Debug|Any CPU
		{528DED31-E58F-4BBE-9C9E-07140F9C5C21}.Debug|Any CPU.Build.0 = Debug|Any CPU
		{528DED31-E58F-4BBE-9C9E-07140F9C5C21}.Release|Any CPU.ActiveCfg = Release|Any CPU
		{528DED31-E58F-4BBE-9C9E-07140F9C5C21}.Release|Any CPU.Build.0 = Release|Any CPU
		{AD2F3AD8-AB71-48FC-BF29-AB2F252630DB}.Debug|Any CPU.ActiveCfg = Debug|Any CPU
		{AD2F3AD8-AB71-48FC-BF29-AB2F252630DB}.Debug|Any CPU.Build.0 = Debug|Any CPU
		{AD2F3AD8-AB71-48FC-BF29-AB2F252630DB}.Release|Any CPU.ActiveCfg = Release|Any CPU
		{AD2F3AD8-AB71-48FC-BF29-AB2F252630DB}.Release|Any CPU.Build.0 = Release|Any CPU
		{B7A9E439-261D-45FA-8AC9-5C95F6617AF0}.Debug|Any CPU.ActiveCfg = Debug|Any CPU
		{B7A9E439-261D-45FA-8AC9-5C95F6617AF0}.Debug|Any CPU.Build.0 = Debug|Any CPU
		{B7A9E439-261D-45FA-8AC9-5C95F6617AF0}.Release|Any CPU.ActiveCfg = Release|Any CPU
		{B7A9E439-261D-45FA-8AC9-5C95F6617AF0}.Release|Any CPU.Build.0 = Release|Any CPU
	EndGlobalSection
	GlobalSection(SolutionProperties) = preSolution
		HideSolutionNode = FALSE
	EndGlobalSection
	GlobalSection(ExtensibilityGlobals) = postSolution
		SolutionGuid = {15C90974-AE24-42CA-BCE8-C6DD4C98E1CC}
	EndGlobalSection
EndGlobal
